
Microsoft Visual Studio Solution File, Format Version 12.00
# Visual Studio 2012
Project("{FAE04EC0-301F-11D3-BF4B-00C04F79EFBC}") = "SampleMultitaskHiding", "SampleMultitaskHiding\SampleMultitaskHiding.csproj", "{E45B0995-4857-4AB1-813E-6F4E541A92D5}"
EndProject
Project("{FAE04EC0-301F-11D3-BF4B-00C04F79EFBC}") = "SampleMultitaskHiding.iOS", "iOS\SampleMultitaskHiding.iOS.csproj", "{CB07C5FC-F3D3-45F0-BFCA-F1FE7F9B8D52}"
EndProject
Project("{FAE04EC0-301F-11D3-BF4B-00C04F79EFBC}") = "SampleMultitaskHiding.Droid", "Droid\SampleMultitaskHiding.Droid.csproj", "{B39A2021-A96A-4A2A-9435-13CE54F8CD26}"
EndProject
Global
	GlobalSection(SolutionConfigurationPlatforms) = preSolution
		Debug|Any CPU = Debug|Any CPU
		Release|Any CPU = Release|Any CPU
		Debug|iPhoneSimulator = Debug|iPhoneSimulator
		Release|iPhone = Release|iPhone
		Release|iPhoneSimulator = Release|iPhoneSimulator
		Debug|iPhone = Debug|iPhone
	EndGlobalSection
	GlobalSection(ProjectConfigurationPlatforms) = postSolution
		{B39A2021-A96A-4A2A-9435-13CE54F8CD26}.Debug|Any CPU.ActiveCfg = Debug|Any CPU
		{B39A2021-A96A-4A2A-9435-13CE54F8CD26}.Debug|Any CPU.Build.0 = Debug|Any CPU
		{B39A2021-A96A-4A2A-9435-13CE54F8CD26}.Debug|iPhone.ActiveCfg = Debug|Any CPU
		{B39A2021-A96A-4A2A-9435-13CE54F8CD26}.Debug|iPhone.Build.0 = Debug|Any CPU
		{B39A2021-A96A-4A2A-9435-13CE54F8CD26}.Debug|iPhoneSimulator.ActiveCfg = Debug|Any CPU
		{B39A2021-A96A-4A2A-9435-13CE54F8CD26}.Debug|iPhoneSimulator.Build.0 = Debug|Any CPU
		{B39A2021-A96A-4A2A-9435-13CE54F8CD26}.Release|Any CPU.ActiveCfg = Release|Any CPU
		{B39A2021-A96A-4A2A-9435-13CE54F8CD26}.Release|Any CPU.Build.0 = Release|Any CPU
		{B39A2021-A96A-4A2A-9435-13CE54F8CD26}.Release|iPhone.ActiveCfg = Release|Any CPU
		{B39A2021-A96A-4A2A-9435-13CE54F8CD26}.Release|iPhone.Build.0 = Release|Any CPU
		{B39A2021-A96A-4A2A-9435-13CE54F8CD26}.Release|iPhoneSimulator.ActiveCfg = Release|Any CPU
		{B39A2021-A96A-4A2A-9435-13CE54F8CD26}.Release|iPhoneSimulator.Build.0 = Release|Any CPU
		{CB07C5FC-F3D3-45F0-BFCA-F1FE7F9B8D52}.Debug|Any CPU.ActiveCfg = Debug|iPhoneSimulator
		{CB07C5FC-F3D3-45F0-BFCA-F1FE7F9B8D52}.Debug|Any CPU.Build.0 = Debug|iPhoneSimulator
		{CB07C5FC-F3D3-45F0-BFCA-F1FE7F9B8D52}.Debug|iPhone.ActiveCfg = Debug|iPhone
		{CB07C5FC-F3D3-45F0-BFCA-F1FE7F9B8D52}.Debug|iPhone.Build.0 = Debug|iPhone
		{CB07C5FC-F3D3-45F0-BFCA-F1FE7F9B8D52}.Debug|iPhoneSimulator.ActiveCfg = Debug|iPhoneSimulator
		{CB07C5FC-F3D3-45F0-BFCA-F1FE7F9B8D52}.Debug|iPhoneSimulator.Build.0 = Debug|iPhoneSimulator
		{CB07C5FC-F3D3-45F0-BFCA-F1FE7F9B8D52}.Release|Any CPU.ActiveCfg = Release|iPhone
		{CB07C5FC-F3D3-45F0-BFCA-F1FE7F9B8D52}.Release|Any CPU.Build.0 = Release|iPhone
		{CB07C5FC-F3D3-45F0-BFCA-F1FE7F9B8D52}.Release|iPhone.ActiveCfg = Release|iPhone
		{CB07C5FC-F3D3-45F0-BFCA-F1FE7F9B8D52}.Release|iPhone.Build.0 = Release|iPhone
		{CB07C5FC-F3D3-45F0-BFCA-F1FE7F9B8D52}.Release|iPhoneSimulator.ActiveCfg = Release|iPhoneSimulator
		{CB07C5FC-F3D3-45F0-BFCA-F1FE7F9B8D52}.Release|iPhoneSimulator.Build.0 = Release|iPhoneSimulator
		{E45B0995-4857-4AB1-813E-6F4E541A92D5}.Debug|Any CPU.ActiveCfg = Debug|Any CPU
		{E45B0995-4857-4AB1-813E-6F4E541A92D5}.Debug|Any CPU.Build.0 = Debug|Any CPU
		{E45B0995-4857-4AB1-813E-6F4E541A92D5}.Debug|iPhone.ActiveCfg = Debug|Any CPU
		{E45B0995-4857-4AB1-813E-6F4E541A92D5}.Debug|iPhone.Build.0 = Debug|Any CPU
		{E45B0995-4857-4AB1-813E-6F4E541A92D5}.Debug|iPhoneSimulator.ActiveCfg = Debug|Any CPU
		{E45B0995-4857-4AB1-813E-6F4E541A92D5}.Debug|iPhoneSimulator.Build.0 = Debug|Any CPU
		{E45B0995-4857-4AB1-813E-6F4E541A92D5}.Release|Any CPU.ActiveCfg = Release|Any CPU
		{E45B0995-4857-4AB1-813E-6F4E541A92D5}.Release|Any CPU.Build.0 = Release|Any CPU
		{E45B0995-4857-4AB1-813E-6F4E541A92D5}.Release|iPhone.ActiveCfg = Release|Any CPU
		{E45B0995-4857-4AB1-813E-6F4E541A92D5}.Release|iPhone.Build.0 = Release|Any CPU
		{E45B0995-4857-4AB1-813E-6F4E541A92D5}.Release|iPhoneSimulator.ActiveCfg = Release|Any CPU
		{E45B0995-4857-4AB1-813E-6F4E541A92D5}.Release|iPhoneSimulator.Build.0 = Release|Any CPU
	EndGlobalSection
EndGlobal
